Microsoft Visual Studio Solution File, Format Version 12.00
# Visual Studio Version 17
VisualStudioVersion = 17.5.2.0
MinimumVisualStudioVersion = 10.0.40219.1
Project("{FAE04EC0-301F-11D3-BF4B-00C04F79EFBC}") = "MiApp", "MiApp.csproj", "{4FB9BC66-66C4-CC03-A9AC-E6FA826D3806}"
EndProject
Global
	GlobalSection(SolutionConfigurationPlatforms) = preSolution
		Debug|Any CPU = Debug|Any CPU
		Release|Any CPU = Release|Any CPU
	EndGlobalSection
	GlobalSection(ProjectConfigurationPlatforms) = postSolution
		{4FB9BC66-66C4-CC03-A9AC-E6FA826D3806}.Debug|Any CPU.ActiveCfg = Debug|Any CPU
		{4FB9BC66-66C4-CC03-A9AC-E6FA826D3806}.Debug|Any CPU.Build.0 = Debug|Any CPU
		{4FB9BC66-66C4-CC03-A9AC-E6FA826D3806}.Release|Any CPU.ActiveCfg = Release|Any CPU
		{4FB9BC66-66C4-CC03-A9AC-E6FA826D3806}.Release|Any CPU.Build.0 = Release|Any CPU
	EndGlobalSection
	GlobalSection(SolutionProperties) = preSolution
		HideSolutionNode = FALSE
	EndGlobalSection
	GlobalSection(ExtensibilityGlobals) = postSolution
		SolutionGuid = {9A52F10A-E367-4953-B53E-39461A988802}
	EndGlobalSection
EndGlobal
